PODS:
  - Applozic (6.14.1):
    - SDWebImage (~> 5.0.6)
  - ApplozicSwift (3.2.0):
    - ApplozicSwift/Complete (= 3.2.0)
  - ApplozicSwift/Complete (3.2.0):
    - Applozic (~> 6.14.0)
    - ApplozicSwift/RichMessageKit
    - DifferenceKit (~> 1.0)
    - Kingfisher (~> 5.7.0)
    - MGSwipeTableCell (~> 1.6.8)
  - ApplozicSwift/RichMessageKit (3.2.0)
  - DifferenceKit (1.1.3):
    - DifferenceKit/Core (= 1.1.3)
    - DifferenceKit/UIKitExtension (= 1.1.3)
  - DifferenceKit/Core (1.1.3)
  - DifferenceKit/UIKitExtension (1.1.3):
    - DifferenceKit/Core
  - iOSSnapshotTestCase (6.1.0):
    - iOSSnapshotTestCase/SwiftSupport (= 6.1.0)
  - iOSSnapshotTestCase/Core (6.1.0)
  - iOSSnapshotTestCase/SwiftSupport (6.1.0):
    - iOSSnapshotTestCase/Core
  - Kingfisher (5.7.0)
  - MGSwipeTableCell (1.6.8)
  - Nimble (8.0.2)
  - Nimble-Snapshots (7.1.0):
    - Nimble-Snapshots/Core (= 7.1.0)
  - Nimble-Snapshots/Core (7.1.0):
    - iOSSnapshotTestCase (~> 6.0)
    - Nimble (~> 8.0)
  - Quick (2.1.0)
  - SDWebImage (5.0.6):
    - SDWebImage/Core (= 5.0.6)
  - SDWebImage/Core (5.0.6)
  - SwiftLint (0.34.0)

DEPENDENCIES:
  - ApplozicSwift (from `../ApplozicSwift.podspec`)
  - Nimble
  - Nimble-Snapshots
  - Quick
  - SwiftLint

SPEC REPOS:
  https://github.com/cocoapods/specs.git:
    - Applozic
    - DifferenceKit
    - iOSSnapshotTestCase
    - Kingfisher
    - MGSwipeTableCell
    - Nimble
    - Nimble-Snapshots
    - Quick
    - SDWebImage
    - SwiftLint

EXTERNAL SOURCES:
  ApplozicSwift:
    :path: "../ApplozicSwift.podspec"

SPEC CHECKSUMS:
  Applozic: 2b43fbc14a3fbd3cd5664c1040d1b1d86e21d3d1
  ApplozicSwift: 5183cdb241e604bc3d2f311426e1f6aa8087edf1
  DifferenceKit: 5018791b6c1fc839921a3c171a0a539ace6ea60c
  iOSSnapshotTestCase: 30d540b0c8feb9d7f8ff97acc25a3804b48ee264
  Kingfisher: c7d211b54f1f30d8060aadab177d52b4349c825b
  MGSwipeTableCell: dc4eca3212ed38a563b27d6aa7b3c01ce656c1e2
  Nimble: 622629381bda1dd5678162f21f1368cec7cbba60
  Nimble-Snapshots: 2ec985281eef0eb9fc69a469deee851363a50d0e
  Quick: 4be43f6634acfa727dd106bdf3929ce125ffa79d
  SDWebImage: 920f1a2ff1ca8296ad34f6e0510a1ef1d70ac965
  SwiftLint: 79d48a17c6565dc286c37efb8322c7b450f95c67

PODFILE CHECKSUM: 6e7de6068aa53db2a6eb8bf4ed55a07d26a9dbfb

COCOAPODS: 1.7.5
